
Microsoft Visual Studio Solution File, Format Version 12.00
# Visual Studio Express 2012 for Windows Desktop
Project("{FAE04EC0-301F-11D3-BF4B-00C04F79EFBC}") = "MM_GENIVI_EA_Document_Generation_System", "MM_GENIVI_EA_Document_Generation_System\MM_GENIVI_EA_Document_Generation_System.csproj", "{DC82175A-3322-4455-A310-F35E5458956F}"
EndProject
Project("{FAE04EC0-301F-11D3-BF4B-00C04F79EFBC}") = "eadgsPlugin_extractImageByName", "eadgsPlugin_extractImageByName\eadgsPlugin_extractImageByName.csproj", "{EB77D7EB-6DCC-4BBC-8ADA-DEFFDD62C46E}"
EndProject
Project("{FAE04EC0-301F-11D3-BF4B-00C04F79EFBC}") = "eadgsPlugin_extractSingleReq", "eadgsPlugin_extractSingleReq\eadgsPlugin_extractSingleReq.csproj", "{B90ACF77-008D-424C-94F2-739FF99F4650}"
EndProject
Project("{FAE04EC0-301F-11D3-BF4B-00C04F79EFBC}") = "eadgsPlugin_Utilies", "eadgsPlugin_Utilies\eadgsPlugin_Utilies.csproj", "{95B15928-A930-4FBB-A667-3BCB213DD7C6}"
EndProject
Project("{FAE04EC0-301F-11D3-BF4B-00C04F79EFBC}") = "eadgsPlugin_extractReqList", "eadgsPlugin_extractReqList\eadgsPlugin_extractReqList.csproj", "{AE0CDB23-72EF-4192-AF93-A94C73172611}"
	ProjectSection(ProjectDependencies) = postProject
		{95B15928-A930-4FBB-A667-3BCB213DD7C6} = {95B15928-A930-4FBB-A667-3BCB213DD7C6}
	EndProjectSection
EndProject
Project("{FAE04EC0-301F-11D3-BF4B-00C04F79EFBC}") = "eadgsPlugin_extractDBusXML", "eadgsPlugin_extractDBusXML\eadgsPlugin_extractDBusXML.csproj", "{06BFD033-92D2-4672-8DDD-FF9B9AC0FF3E}"
EndProject
Project("{FAE04EC0-301F-11D3-BF4B-00C04F79EFBC}") = "eadgsPlugin_extractUseCase", "eadgsPlugin_extractUseCase\eadgsPlugin_extractUseCase.csproj", "{37C5D5EE-05ED-4BE0-9315-42592630328C}"
EndProject
Global
	GlobalSection(SolutionConfigurationPlatforms) = preSolution
		Debug|Any CPU = Debug|Any CPU
		Release|Any CPU = Release|Any CPU
	EndGlobalSection
	GlobalSection(ProjectConfigurationPlatforms) = postSolution
		{DC82175A-3322-4455-A310-F35E5458956F}.Debug|Any CPU.ActiveCfg = Debug|Any CPU
		{DC82175A-3322-4455-A310-F35E5458956F}.Debug|Any CPU.Build.0 = Debug|Any CPU
		{DC82175A-3322-4455-A310-F35E5458956F}.Release|Any CPU.ActiveCfg = Release|Any CPU
		{DC82175A-3322-4455-A310-F35E5458956F}.Release|Any CPU.Build.0 = Release|Any CPU
		{EB77D7EB-6DCC-4BBC-8ADA-DEFFDD62C46E}.Debug|Any CPU.ActiveCfg = Debug|Any CPU
		{EB77D7EB-6DCC-4BBC-8ADA-DEFFDD62C46E}.Debug|Any CPU.Build.0 = Debug|Any CPU
		{EB77D7EB-6DCC-4BBC-8ADA-DEFFDD62C46E}.Release|Any CPU.ActiveCfg = Release|Any CPU
		{EB77D7EB-6DCC-4BBC-8ADA-DEFFDD62C46E}.Release|Any CPU.Build.0 = Release|Any CPU
		{B90ACF77-008D-424C-94F2-739FF99F4650}.Debug|Any CPU.ActiveCfg = Debug|Any CPU
		{B90ACF77-008D-424C-94F2-739FF99F4650}.Debug|Any CPU.Build.0 = Debug|Any CPU
		{B90ACF77-008D-424C-94F2-739FF99F4650}.Release|Any CPU.ActiveCfg = Release|Any CPU
		{B90ACF77-008D-424C-94F2-739FF99F4650}.Release|Any CPU.Build.0 = Release|Any CPU
		{95B15928-A930-4FBB-A667-3BCB213DD7C6}.Debug|Any CPU.ActiveCfg = Debug|Any CPU
		{95B15928-A930-4FBB-A667-3BCB213DD7C6}.Debug|Any CPU.Build.0 = Debug|Any CPU
		{95B15928-A930-4FBB-A667-3BCB213DD7C6}.Release|Any CPU.ActiveCfg = Release|Any CPU
		{95B15928-A930-4FBB-A667-3BCB213DD7C6}.Release|Any CPU.Build.0 = Release|Any CPU
		{AE0CDB23-72EF-4192-AF93-A94C73172611}.Debug|Any CPU.ActiveCfg = Debug|Any CPU
		{AE0CDB23-72EF-4192-AF93-A94C73172611}.Debug|Any CPU.Build.0 = Debug|Any CPU
		{AE0CDB23-72EF-4192-AF93-A94C73172611}.Release|Any CPU.ActiveCfg = Release|Any CPU
		{AE0CDB23-72EF-4192-AF93-A94C73172611}.Release|Any CPU.Build.0 = Release|Any CPU
		{06BFD033-92D2-4672-8DDD-FF9B9AC0FF3E}.Debug|Any CPU.ActiveCfg = Debug|Any CPU
		{06BFD033-92D2-4672-8DDD-FF9B9AC0FF3E}.Debug|Any CPU.Build.0 = Debug|Any CPU
		{06BFD033-92D2-4672-8DDD-FF9B9AC0FF3E}.Release|Any CPU.ActiveCfg = Release|Any CPU
		{06BFD033-92D2-4672-8DDD-FF9B9AC0FF3E}.Release|Any CPU.Build.0 = Release|Any CPU
		{37C5D5EE-05ED-4BE0-9315-42592630328C}.Debug|Any CPU.ActiveCfg = Debug|Any CPU
		{37C5D5EE-05ED-4BE0-9315-42592630328C}.Debug|Any CPU.Build.0 = Debug|Any CPU
		{37C5D5EE-05ED-4BE0-9315-42592630328C}.Release|Any CPU.ActiveCfg = Release|Any CPU
		{37C5D5EE-05ED-4BE0-9315-42592630328C}.Release|Any CPU.Build.0 = Release|Any CPU
	EndGlobalSection
	GlobalSection(SolutionProperties) = preSolution
		HideSolutionNode = FALSE
	EndGlobalSection
EndGlobal
